<?xml version="1.0" encoding="utf-8"?>
<Project ToolsVersion="4.0" xmlns="http://schemas.microsoft.com/developer/msbuild/2003">
  <ItemGroup>
    <Filter Include="API">
      <UniqueIdentifier>{03f7e615-13b8-4246-a848-eecb6da374bc}</UniqueIdentifier>
    </Filter>
    <Filter Include="LongerDays">
      <UniqueIdentifier>{f5cf7cfb-dabe-41a7-893e-f6264d5c5270}</UniqueIdentifier>
    </Filter>
    <Filter Include="Util">
      <UniqueIdentifier>{edfd3981-c189-4c5d-a2a4-9651237a9227}</UniqueIdentifier>
    </Filter>
    <Filter Include="Minhook">
      <UniqueIdentifier>{9fdae5c0-eac8-43d0-9066-9cf33183a44e}</UniqueIdentifier>
    </Filter>
  </ItemGroup>
  <ItemGroup>
    <ClInclude Include="api\natives.h">
      <Filter>API</Filter>
    </ClInclude>
    <ClInclude Include="Utility.h">
      <Filter>Util</Filter>
    </ClInclude>
    <ClInclude Include="alt-log.h">
      <Filter>Util</Filter>
    </ClInclude>
    <ClInclude Include="pch.h">
      <Filter>LongerDays</Filter>
    </ClInclude>
    <ClInclude Include="api\types.h">
      <Filter>API</Filter>
    </ClInclude>
    <ClInclude Include="api\enums.h">
      <Filter>API</Filter>
    </ClInclude>
    <ClInclude Include="api\nativeCaller.h">
      <Filter>API</Filter>
    </ClInclude>
    <ClInclude Include="api\main.h">
      <Filter>API</Filter>
    </ClInclude>
    <ClInclude Include="SimpleIni.h">
      <Filter>Util</Filter>
    </ClInclude>
    <ClInclude Include="config.h">
      <Filter>LongerDays</Filter>
    </ClInclude>
    <ClInclude Include="script.h">
      <Filter>LongerDays</Filter>
    </ClInclude>
    <ClInclude Include="Pattern.h">
      <Filter>Util</Filter>
    </ClInclude>
    <ClInclude Include="Minhook.h">
      <Filter>Minhook</Filter>
    </ClInclude>
  </ItemGroup>
  <ItemGroup>
    <ClCompile Include="dllmain.cpp">
      <Filter>LongerDays</Filter>
    </ClCompile>
    <ClCompile Include="pch.cpp">
      <Filter>LongerDays</Filter>
    </ClCompile>
    <ClCompile Include="script.cpp">
      <Filter>LongerDays</Filter>
    </ClCompile>
  </ItemGroup>
</Project>